
Microsoft Visual Studio Solution File, Format Version 12.00
# Visual Studio Version 16
VisualStudioVersion = 16.0.31702.278
MinimumVisualStudioVersion = 10.0.40219.1
Project("{FAE04EC0-301F-11D3-BF4B-00C04F79EFBC}") = "t1005", "t1005\t1005.csproj", "{923EB90A-AA41-4949-9C28-76BB3C48CDA5}"
EndProject
Project("{FAE04EC0-301F-11D3-BF4B-00C04F79EFBC}") = "t1020", "t1020\t1020.csproj", "{9D3EA115-0CA4-4555-849A-5356B4210A3C}"
EndProject
Project("{FAE04EC0-301F-11D3-BF4B-00C04F79EFBC}") = "t1025", "t1025\t1025.csproj", "{FA1E8F1F-95F5-468C-9F4D-89AEF9A521BA}"
EndProject
Project("{FAE04EC0-301F-11D3-BF4B-00C04F79EFBC}") = "t1036", "t1036\t1036.csproj", "{A4C7A932-41A9-44CF-9BB6-9291E817E90B}"
EndProject
Project("{FAE04EC0-301F-11D3-BF4B-00C04F79EFBC}") = "t1044", "t1044\t1044.csproj", "{0B9FEB86-6043-47C6-8D04-BEF652BC8F59}"
EndProject
Project("{FAE04EC0-301F-11D3-BF4B-00C04F79EFBC}") = "t1073", "t1073\t1073.csproj", "{1DBF2856-4228-4334-A873-204B879FB5D6}"
EndProject
Project("{FAE04EC0-301F-11D3-BF4B-00C04F79EFBC}") = "t1079", "t1079\t1079.csproj", "{111A7FCE-F33E-4FB7-A945-72B4DF84A5A2}"
EndProject
Project("{FAE04EC0-301F-11D3-BF4B-00C04F79EFBC}") = "t1082", "t1082\t1082.csproj", "{BCE1AA33-B1D6-45E0-8F08-FA21CA0F679D}"
EndProject
Project("{FAE04EC0-301F-11D3-BF4B-00C04F79EFBC}") = "t1180", "t1180\t1180.csproj", "{07D509BD-B340-489B-882E-BF6393D4F49A}"
EndProject
Project("{FAE04EC0-301F-11D3-BF4B-00C04F79EFBC}") = "t1197", "t1197\t1197.csproj", "{CF81B340-D578-43EB-AEF2-B124BFE4DC18}"
EndProject
Project("{FAE04EC0-301F-11D3-BF4B-00C04F79EFBC}") = "t1209", "t1209\t1209.csproj", "{E85EE4F5-AC04-4A4B-A01D-DBDD662E578D}"
EndProject
Project("{FAE04EC0-301F-11D3-BF4B-00C04F79EFBC}") = "t1228", "t1228\t1228.csproj", "{90EE11B2-6452-4390-B824-38D657EEA299}"
EndProject
Project("{FAE04EC0-301F-11D3-BF4B-00C04F79EFBC}") = "t1313", "t1313\t1313.csproj", "{E8307286-2586-4445-B8A9-48E030B2630D}"
EndProject
Project("{FAE04EC0-301F-11D3-BF4B-00C04F79EFBC}") = "t1319", "t1319\t1319.csproj", "{2B33ED0F-0667-464C-9334-DE43F54DA28D}"
EndProject
Project("{FAE04EC0-301F-11D3-BF4B-00C04F79EFBC}") = "t1327", "t1327\t1327.csproj", "{C1A7FE57-5162-4572-83BD-83216A18CDDC}"
EndProject
Project("{FAE04EC0-301F-11D3-BF4B-00C04F79EFBC}") = "t1349", "t1349\t1349.csproj", "{C5247A49-C7E5-4FBC-8BB4-D18E48DB606A}"
EndProject
Project("{FAE04EC0-301F-11D3-BF4B-00C04F79EFBC}") = "t1404", "t1404\t1404.csproj", "{7A1B537E-43BA-4B3E-A6EF-EF3D95BFD11F}"
EndProject
Project("{FAE04EC0-301F-11D3-BF4B-00C04F79EFBC}") = "t1409", "t1409\t1409.csproj", "{8C58DDF3-4061-4690-976D-B3CA1AD0316F}"
EndProject
Project("{FAE04EC0-301F-11D3-BF4B-00C04F79EFBC}") = "t1457", "t1457\t1457.csproj", "{5C4385F0-4F1E-4684-A36D-4126369EF205}"
EndProject
Project("{FAE04EC0-301F-11D3-BF4B-00C04F79EFBC}") = "t1496", "t1496\t1496.csproj", "{C57946FA-867C-4D7B-8B35-64FF9970D3D4}"
EndProject
Project("{FAE04EC0-301F-11D3-BF4B-00C04F79EFBC}") = "t1502", "t1502\t1502.csproj", "{A6813B80-B9F1-4821-A9A2-6ABD674C2144}"
EndProject
Project("{FAE04EC0-301F-11D3-BF4B-00C04F79EFBC}") = "t1545", "t1545\t1545.csproj", "{315E9BF5-C11E-42D1-8CC0-4275CA6EF87E}"
EndProject
Project("{FAE04EC0-301F-11D3-BF4B-00C04F79EFBC}") = "t1567", "t1567\t1567.csproj", "{40750008-9E5E-42D8-B1D8-A2E3A6D21A6B}"
EndProject
Project("{FAE04EC0-301F-11D3-BF4B-00C04F79EFBC}") = "t1582", "t1582\t1582.csproj", "{078E01BF-DF1E-4F3F-A89D-412573EEC6C7}"
EndProject
Project("{FAE04EC0-301F-11D3-BF4B-00C04F79EFBC}") = "t1585", "t1585\t1585.csproj", "{87F0BF54-80A6-44CD-8EE3-F48C609C36B8}"
EndProject
Project("{FAE04EC0-301F-11D3-BF4B-00C04F79EFBC}") = "t1617", "t1617\t1617.csproj", "{EFA241DF-D060-4E1C-BCAB-4DC28FB95185}"
EndProject
Project("{FAE04EC0-301F-11D3-BF4B-00C04F79EFBC}") = "t1638", "t1638\t1638.csproj", "{F92DCB6A-2966-4CB5-8425-03534A12C22E}"
EndProject
Project("{FAE04EC0-301F-11D3-BF4B-00C04F79EFBC}") = "t1639", "t1639\t1639.csproj", "{EBBF8977-010A-45D5-B7BE-C0431204908D}"
EndProject
Project("{FAE04EC0-301F-11D3-BF4B-00C04F79EFBC}") = "t1712", "t1712\t1712.csproj", "{1A2650C6-D299-465B-822F-060B32739BB9}"
EndProject
Project("{FAE04EC0-301F-11D3-BF4B-00C04F79EFBC}") = "t1009", "t1009\t1009.csproj", "{89FD9D0E-509A-45CA-8128-D9614C708FF2}"
EndProject
Project("{FAE04EC0-301F-11D3-BF4B-00C04F79EFBC}") = "t1014", "t1014\t1014.csproj", "{1AF128B9-8A3D-4220-8122-556DB0D019C0}"
EndProject
Project("{FAE04EC0-301F-11D3-BF4B-00C04F79EFBC}") = "t1012", "t1012\t1012.csproj", "{84091D94-D2DF-4685-85D7-A984E7C0E765}"
EndProject
Project("{FAE04EC0-301F-11D3-BF4B-00C04F79EFBC}") = "t1013", "t1013\t1013.csproj", "{09F60ED1-FCEC-4FB4-905B-34819624477F}"
EndProject
Project("{FAE04EC0-301F-11D3-BF4B-00C04F79EFBC}") = "t1086", "t1086\t1086.csproj", "{01AD63C3-DC00-486F-92A2-7852818D04BE}"
EndProject
Project("{FAE04EC0-301F-11D3-BF4B-00C04F79EFBC}") = "t1022", "t1022\t1022.csproj", "{5F66397E-A25C-4632-9216-1CCFEBA2CB12}"
EndProject
Project("{FAE04EC0-301F-11D3-BF4B-00C04F79EFBC}") = "t1021", "t1021\t1021.csproj", "{06DE7306-9D40-43EC-8FF1-7AD0856F11EC}"
EndProject
Project("{FAE04EC0-301F-11D3-BF4B-00C04F79EFBC}") = "t1017", "t1017\t1017.csproj", "{9EB5D63B-08D4-43B5-85D0-4AE72E406C4C}"
EndProject
Global
	GlobalSection(SolutionConfigurationPlatforms) = preSolution
		Debug|Any CPU = Debug|Any CPU
		Release|Any CPU = Release|Any CPU
	EndGlobalSection
	GlobalSection(ProjectConfigurationPlatforms) = postSolution
		{923EB90A-AA41-4949-9C28-76BB3C48CDA5}.Debug|Any CPU.ActiveCfg = Debug|Any CPU
		{923EB90A-AA41-4949-9C28-76BB3C48CDA5}.Debug|Any CPU.Build.0 = Debug|Any CPU
		{923EB90A-AA41-4949-9C28-76BB3C48CDA5}.Release|Any CPU.ActiveCfg = Release|Any CPU
		{923EB90A-AA41-4949-9C28-76BB3C48CDA5}.Release|Any CPU.Build.0 = Release|Any CPU
		{9D3EA115-0CA4-4555-849A-5356B4210A3C}.Debug|Any CPU.ActiveCfg = Debug|Any CPU
		{9D3EA115-0CA4-4555-849A-5356B4210A3C}.Debug|Any CPU.Build.0 = Debug|Any CPU
		{9D3EA115-0CA4-4555-849A-5356B4210A3C}.Release|Any CPU.ActiveCfg = Release|Any CPU
		{9D3EA115-0CA4-4555-849A-5356B4210A3C}.Release|Any CPU.Build.0 = Release|Any CPU
		{FA1E8F1F-95F5-468C-9F4D-89AEF9A521BA}.Debug|Any CPU.ActiveCfg = Debug|Any CPU
		{FA1E8F1F-95F5-468C-9F4D-89AEF9A521BA}.Debug|Any CPU.Build.0 = Debug|Any CPU
		{FA1E8F1F-95F5-468C-9F4D-89AEF9A521BA}.Release|Any CPU.ActiveCfg = Release|Any CPU
		{FA1E8F1F-95F5-468C-9F4D-89AEF9A521BA}.Release|Any CPU.Build.0 = Release|Any CPU
		{A4C7A932-41A9-44CF-9BB6-9291E817E90B}.Debug|Any CPU.ActiveCfg = Debug|Any CPU
		{A4C7A932-41A9-44CF-9BB6-9291E817E90B}.Debug|Any CPU.Build.0 = Debug|Any CPU
		{A4C7A932-41A9-44CF-9BB6-9291E817E90B}.Release|Any CPU.ActiveCfg = Release|Any CPU
		{A4C7A932-41A9-44CF-9BB6-9291E817E90B}.Release|Any CPU.Build.0 = Release|Any CPU
		{0B9FEB86-6043-47C6-8D04-BEF652BC8F59}.Debug|Any CPU.ActiveCfg = Debug|Any CPU
		{0B9FEB86-6043-47C6-8D04-BEF652BC8F59}.Debug|Any CPU.Build.0 = Debug|Any CPU
		{0B9FEB86-6043-47C6-8D04-BEF652BC8F59}.Release|Any CPU.ActiveCfg = Release|Any CPU
		{0B9FEB86-6043-47C6-8D04-BEF652BC8F59}.Release|Any CPU.Build.0 = Release|Any CPU
		{1DBF2856-4228-4334-A873-204B879FB5D6}.Debug|Any CPU.ActiveCfg = Debug|Any CPU
		{1DBF2856-4228-4334-A873-204B879FB5D6}.Debug|Any CPU.Build.0 = Debug|Any CPU
		{1DBF2856-4228-4334-A873-204B879FB5D6}.Release|Any CPU.ActiveCfg = Release|Any CPU
		{1DBF2856-4228-4334-A873-204B879FB5D6}.Release|Any CPU.Build.0 = Release|Any CPU
		{111A7FCE-F33E-4FB7-A945-72B4DF84A5A2}.Debug|Any CPU.ActiveCfg = Debug|Any CPU
		{111A7FCE-F33E-4FB7-A945-72B4DF84A5A2}.Debug|Any CPU.Build.0 = Debug|Any CPU
		{111A7FCE-F33E-4FB7-A945-72B4DF84A5A2}.Release|Any CPU.ActiveCfg = Release|Any CPU
		{111A7FCE-F33E-4FB7-A945-72B4DF84A5A2}.Release|Any CPU.Build.0 = Release|Any CPU
		{BCE1AA33-B1D6-45E0-8F08-FA21CA0F679D}.Debug|Any CPU.ActiveCfg = Debug|Any CPU
		{BCE1AA33-B1D6-45E0-8F08-FA21CA0F679D}.Debug|Any CPU.Build.0 = Debug|Any CPU
		{BCE1AA33-B1D6-45E0-8F08-FA21CA0F679D}.Release|Any CPU.ActiveCfg = Release|Any CPU
		{BCE1AA33-B1D6-45E0-8F08-FA21CA0F679D}.Release|Any CPU.Build.0 = Release|Any CPU
		{07D509BD-B340-489B-882E-BF6393D4F49A}.Debug|Any CPU.ActiveCfg = Debug|Any CPU
		{07D509BD-B340-489B-882E-BF6393D4F49A}.Debug|Any CPU.Build.0 = Debug|Any CPU
		{07D509BD-B340-489B-882E-BF6393D4F49A}.Release|Any CPU.ActiveCfg = Release|Any CPU
		{07D509BD-B340-489B-882E-BF6393D4F49A}.Release|Any CPU.Build.0 = Release|Any CPU
		{CF81B340-D578-43EB-AEF2-B124BFE4DC18}.Debug|Any CPU.ActiveCfg = Debug|Any CPU
		{CF81B340-D578-43EB-AEF2-B124BFE4DC18}.Debug|Any CPU.Build.0 = Debug|Any CPU
		{CF81B340-D578-43EB-AEF2-B124BFE4DC18}.Release|Any CPU.ActiveCfg = Release|Any CPU
		{CF81B340-D578-43EB-AEF2-B124BFE4DC18}.Release|Any CPU.Build.0 = Release|Any CPU
		{E85EE4F5-AC04-4A4B-A01D-DBDD662E578D}.Debug|Any CPU.ActiveCfg = Debug|Any CPU
		{E85EE4F5-AC04-4A4B-A01D-DBDD662E578D}.Debug|Any CPU.Build.0 = Debug|Any CPU
		{E85EE4F5-AC04-4A4B-A01D-DBDD662E578D}.Release|Any CPU.ActiveCfg = Release|Any CPU
		{E85EE4F5-AC04-4A4B-A01D-DBDD662E578D}.Release|Any CPU.Build.0 = Release|Any CPU
		{90EE11B2-6452-4390-B824-38D657EEA299}.Debug|Any CPU.ActiveCfg = Debug|Any CPU
		{90EE11B2-6452-4390-B824-38D657EEA299}.Debug|Any CPU.Build.0 = Debug|Any CPU
		{90EE11B2-6452-4390-B824-38D657EEA299}.Release|Any CPU.ActiveCfg = Release|Any CPU
		{90EE11B2-6452-4390-B824-38D657EEA299}.Release|Any CPU.Build.0 = Release|Any CPU
		{E8307286-2586-4445-B8A9-48E030B2630D}.Debug|Any CPU.ActiveCfg = Debug|Any CPU
		{E8307286-2586-4445-B8A9-48E030B2630D}.Debug|Any CPU.Build.0 = Debug|Any CPU
		{E8307286-2586-4445-B8A9-48E030B2630D}.Release|Any CPU.ActiveCfg = Release|Any CPU
		{E8307286-2586-4445-B8A9-48E030B2630D}.Release|Any CPU.Build.0 = Release|Any CPU
		{2B33ED0F-0667-464C-9334-DE43F54DA28D}.Debug|Any CPU.ActiveCfg = Debug|Any CPU
		{2B33ED0F-0667-464C-9334-DE43F54DA28D}.Debug|Any CPU.Build.0 = Debug|Any CPU
		{2B33ED0F-0667-464C-9334-DE43F54DA28D}.Release|Any CPU.ActiveCfg = Release|Any CPU
		{2B33ED0F-0667-464C-9334-DE43F54DA28D}.Release|Any CPU.Build.0 = Release|Any CPU
		{C1A7FE57-5162-4572-83BD-83216A18CDDC}.Debug|Any CPU.ActiveCfg = Debug|Any CPU
		{C1A7FE57-5162-4572-83BD-83216A18CDDC}.Debug|Any CPU.Build.0 = Debug|Any CPU
		{C1A7FE57-5162-4572-83BD-83216A18CDDC}.Release|Any CPU.ActiveCfg = Release|Any CPU
		{C1A7FE57-5162-4572-83BD-83216A18CDDC}.Release|Any CPU.Build.0 = Release|Any CPU
		{C5247A49-C7E5-4FBC-8BB4-D18E48DB606A}.Debug|Any CPU.ActiveCfg = Debug|Any CPU
		{C5247A49-C7E5-4FBC-8BB4-D18E48DB606A}.Debug|Any CPU.Build.0 = Debug|Any CPU
		{C5247A49-C7E5-4FBC-8BB4-D18E48DB606A}.Release|Any CPU.ActiveCfg = Release|Any CPU
		{C5247A49-C7E5-4FBC-8BB4-D18E48DB606A}.Release|Any CPU.Build.0 = Release|Any CPU
		{7A1B537E-43BA-4B3E-A6EF-EF3D95BFD11F}.Debug|Any CPU.ActiveCfg = Debug|Any CPU
		{7A1B537E-43BA-4B3E-A6EF-EF3D95BFD11F}.Debug|Any CPU.Build.0 = Debug|Any CPU
		{7A1B537E-43BA-4B3E-A6EF-EF3D95BFD11F}.Release|Any CPU.ActiveCfg = Release|Any CPU
		{7A1B537E-43BA-4B3E-A6EF-EF3D95BFD11F}.Release|Any CPU.Build.0 = Release|Any CPU
		{8C58DDF3-4061-4690-976D-B3CA1AD0316F}.Debug|Any CPU.ActiveCfg = Debug|Any CPU
		{8C58DDF3-4061-4690-976D-B3CA1AD0316F}.Debug|Any CPU.Build.0 = Debug|Any CPU
		{8C58DDF3-4061-4690-976D-B3CA1AD0316F}.Release|Any CPU.ActiveCfg = Release|Any CPU
		{8C58DDF3-4061-4690-976D-B3CA1AD0316F}.Release|Any CPU.Build.0 = Release|Any CPU
		{5C4385F0-4F1E-4684-A36D-4126369EF205}.Debug|Any CPU.ActiveCfg = Debug|Any CPU
		{5C4385F0-4F1E-4684-A36D-4126369EF205}.Debug|Any CPU.Build.0 = Debug|Any CPU
		{5C4385F0-4F1E-4684-A36D-4126369EF205}.Release|Any CPU.ActiveCfg = Release|Any CPU
		{5C4385F0-4F1E-4684-A36D-4126369EF205}.Release|Any CPU.Build.0 = Release|Any CPU
		{C57946FA-867C-4D7B-8B35-64FF9970D3D4}.Debug|Any CPU.ActiveCfg = Debug|Any CPU
		{C57946FA-867C-4D7B-8B35-64FF9970D3D4}.Debug|Any CPU.Build.0 = Debug|Any CPU
		{C57946FA-867C-4D7B-8B35-64FF9970D3D4}.Release|Any CPU.ActiveCfg = Release|Any CPU
		{C57946FA-867C-4D7B-8B35-64FF9970D3D4}.Release|Any CPU.Build.0 = Release|Any CPU
		{A6813B80-B9F1-4821-A9A2-6ABD674C2144}.Debug|Any CPU.ActiveCfg = Debug|Any CPU
		{A6813B80-B9F1-4821-A9A2-6ABD674C2144}.Debug|Any CPU.Build.0 = Debug|Any CPU
		{A6813B80-B9F1-4821-A9A2-6ABD674C2144}.Release|Any CPU.ActiveCfg = Release|Any CPU
		{A6813B80-B9F1-4821-A9A2-6ABD674C2144}.Release|Any CPU.Build.0 = Release|Any CPU
		{315E9BF5-C11E-42D1-8CC0-4275CA6EF87E}.Debug|Any CPU.ActiveCfg = Debug|Any CPU
		{315E9BF5-C11E-42D1-8CC0-4275CA6EF87E}.Debug|Any CPU.Build.0 = Debug|Any CPU
		{315E9BF5-C11E-42D1-8CC0-4275CA6EF87E}.Release|Any CPU.ActiveCfg = Release|Any CPU
		{315E9BF5-C11E-42D1-8CC0-4275CA6EF87E}.Release|Any CPU.Build.0 = Release|Any CPU
		{40750008-9E5E-42D8-B1D8-A2E3A6D21A6B}.Debug|Any CPU.ActiveCfg = Debug|Any CPU
		{40750008-9E5E-42D8-B1D8-A2E3A6D21A6B}.Debug|Any CPU.Build.0 = Debug|Any CPU
		{40750008-9E5E-42D8-B1D8-A2E3A6D21A6B}.Release|Any CPU.ActiveCfg = Release|Any CPU
		{40750008-9E5E-42D8-B1D8-A2E3A6D21A6B}.Release|Any CPU.Build.0 = Release|Any CPU
		{078E01BF-DF1E-4F3F-A89D-412573EEC6C7}.Debug|Any CPU.ActiveCfg = Debug|Any CPU
		{078E01BF-DF1E-4F3F-A89D-412573EEC6C7}.Debug|Any CPU.Build.0 = Debug|Any CPU
		{078E01BF-DF1E-4F3F-A89D-412573EEC6C7}.Release|Any CPU.ActiveCfg = Release|Any CPU
		{078E01BF-DF1E-4F3F-A89D-412573EEC6C7}.Release|Any CPU.Build.0 = Release|Any CPU
		{87F0BF54-80A6-44CD-8EE3-F48C609C36B8}.Debug|Any CPU.ActiveCfg = Debug|Any CPU
		{87F0BF54-80A6-44CD-8EE3-F48C609C36B8}.Debug|Any CPU.Build.0 = Debug|Any CPU
		{87F0BF54-80A6-44CD-8EE3-F48C609C36B8}.Release|Any CPU.ActiveCfg = Release|Any CPU
		{87F0BF54-80A6-44CD-8EE3-F48C609C36B8}.Release|Any CPU.Build.0 = Release|Any CPU
		{EFA241DF-D060-4E1C-BCAB-4DC28FB95185}.Debug|Any CPU.ActiveCfg = Debug|Any CPU
		{EFA241DF-D060-4E1C-BCAB-4DC28FB95185}.Debug|Any CPU.Build.0 = Debug|Any CPU
		{EFA241DF-D060-4E1C-BCAB-4DC28FB95185}.Release|Any CPU.ActiveCfg = Release|Any CPU
		{EFA241DF-D060-4E1C-BCAB-4DC28FB95185}.Release|Any CPU.Build.0 = Release|Any CPU
		{F92DCB6A-2966-4CB5-8425-03534A12C22E}.Debug|Any CPU.ActiveCfg = Debug|Any CPU
		{F92DCB6A-2966-4CB5-8425-03534A12C22E}.Debug|Any CPU.Build.0 = Debug|Any CPU
		{F92DCB6A-2966-4CB5-8425-03534A12C22E}.Release|Any CPU.ActiveCfg = Release|Any CPU
		{F92DCB6A-2966-4CB5-8425-03534A12C22E}.Release|Any CPU.Build.0 = Release|Any CPU
		{EBBF8977-010A-45D5-B7BE-C0431204908D}.Debug|Any CPU.ActiveCfg = Debug|Any CPU
		{EBBF8977-010A-45D5-B7BE-C0431204908D}.Debug|Any CPU.Build.0 = Debug|Any CPU
		{EBBF8977-010A-45D5-B7BE-C0431204908D}.Release|Any CPU.ActiveCfg = Release|Any CPU
		{EBBF8977-010A-45D5-B7BE-C0431204908D}.Release|Any CPU.Build.0 = Release|Any CPU
		{1A2650C6-D299-465B-822F-060B32739BB9}.Debug|Any CPU.ActiveCfg = Debug|Any CPU
		{1A2650C6-D299-465B-822F-060B32739BB9}.Debug|Any CPU.Build.0 = Debug|Any CPU
		{1A2650C6-D299-465B-822F-060B32739BB9}.Release|Any CPU.ActiveCfg = Release|Any CPU
		{1A2650C6-D299-465B-822F-060B32739BB9}.Release|Any CPU.Build.0 = Release|Any CPU
		{89FD9D0E-509A-45CA-8128-D9614C708FF2}.Debug|Any CPU.ActiveCfg = Debug|Any CPU
		{89FD9D0E-509A-45CA-8128-D9614C708FF2}.Debug|Any CPU.Build.0 = Debug|Any CPU
		{89FD9D0E-509A-45CA-8128-D9614C708FF2}.Release|Any CPU.ActiveCfg = Release|Any CPU
		{89FD9D0E-509A-45CA-8128-D9614C708FF2}.Release|Any CPU.Build.0 = Release|Any CPU
		{1AF128B9-8A3D-4220-8122-556DB0D019C0}.Debug|Any CPU.ActiveCfg = Debug|Any CPU
		{1AF128B9-8A3D-4220-8122-556DB0D019C0}.Debug|Any CPU.Build.0 = Debug|Any CPU
		{1AF128B9-8A3D-4220-8122-556DB0D019C0}.Release|Any CPU.ActiveCfg = Release|Any CPU
		{1AF128B9-8A3D-4220-8122-556DB0D019C0}.Release|Any CPU.Build.0 = Release|Any CPU
		{84091D94-D2DF-4685-85D7-A984E7C0E765}.Debug|Any CPU.ActiveCfg = Debug|Any CPU
		{84091D94-D2DF-4685-85D7-A984E7C0E765}.Debug|Any CPU.Build.0 = Debug|Any CPU
		{84091D94-D2DF-4685-85D7-A984E7C0E765}.Release|Any CPU.ActiveCfg = Release|Any CPU
		{84091D94-D2DF-4685-85D7-A984E7C0E765}.Release|Any CPU.Build.0 = Release|Any CPU
		{09F60ED1-FCEC-4FB4-905B-34819624477F}.Debug|Any CPU.ActiveCfg = Debug|Any CPU
		{09F60ED1-FCEC-4FB4-905B-34819624477F}.Debug|Any CPU.Build.0 = Debug|Any CPU
		{09F60ED1-FCEC-4FB4-905B-34819624477F}.Release|Any CPU.ActiveCfg = Release|Any CPU
		{09F60ED1-FCEC-4FB4-905B-34819624477F}.Release|Any CPU.Build.0 = Release|Any CPU
		{01AD63C3-DC00-486F-92A2-7852818D04BE}.Debug|Any CPU.ActiveCfg = Debug|Any CPU
		{01AD63C3-DC00-486F-92A2-7852818D04BE}.Debug|Any CPU.Build.0 = Debug|Any CPU
		{01AD63C3-DC00-486F-92A2-7852818D04BE}.Release|Any CPU.ActiveCfg = Release|Any CPU
		{01AD63C3-DC00-486F-92A2-7852818D04BE}.Release|Any CPU.Build.0 = Release|Any CPU
		{5F66397E-A25C-4632-9216-1CCFEBA2CB12}.Debug|Any CPU.ActiveCfg = Debug|Any CPU
		{5F66397E-A25C-4632-9216-1CCFEBA2CB12}.Debug|Any CPU.Build.0 = Debug|Any CPU
		{5F66397E-A25C-4632-9216-1CCFEBA2CB12}.Release|Any CPU.ActiveCfg = Release|Any CPU
		{5F66397E-A25C-4632-9216-1CCFEBA2CB12}.Release|Any CPU.Build.0 = Release|Any CPU
		{06DE7306-9D40-43EC-8FF1-7AD0856F11EC}.Debug|Any CPU.ActiveCfg = Debug|Any CPU
		{06DE7306-9D40-43EC-8FF1-7AD0856F11EC}.Debug|Any CPU.Build.0 = Debug|Any CPU
		{06DE7306-9D40-43EC-8FF1-7AD0856F11EC}.Release|Any CPU.ActiveCfg = Release|Any CPU
		{06DE7306-9D40-43EC-8FF1-7AD0856F11EC}.Release|Any CPU.Build.0 = Release|Any CPU
		{9EB5D63B-08D4-43B5-85D0-4AE72E406C4C}.Debug|Any CPU.ActiveCfg = Debug|Any CPU
		{9EB5D63B-08D4-43B5-85D0-4AE72E406C4C}.Debug|Any CPU.Build.0 = Debug|Any CPU
		{9EB5D63B-08D4-43B5-85D0-4AE72E406C4C}.Release|Any CPU.ActiveCfg = Release|Any CPU
		{9EB5D63B-08D4-43B5-85D0-4AE72E406C4C}.Release|Any CPU.Build.0 = Release|Any CPU
	EndGlobalSection
	GlobalSection(SolutionProperties) = preSolution
		HideSolutionNode = FALSE
	EndGlobalSection
	GlobalSection(ExtensibilityGlobals) = postSolution
		SolutionGuid = {064CF3E0-4285-4811-A2A0-005ED5BF1890}
	EndGlobalSection
EndGlobal
