
Microsoft Visual Studio Solution File, Format Version 12.00
# Visual Studio Version 16
VisualStudioVersion = 16.0.31702.278
MinimumVisualStudioVersion = 10.0.40219.1
Project("{FAE04EC0-301F-11D3-BF4B-00C04F79EFBC}") = "t1005", "t1005\t1005.csproj", "{923EB90A-AA41-4949-9C28-76BB3C48CDA5}"
EndProject
Global
	GlobalSection(SolutionConfigurationPlatforms) = preSolution
		Debug|Any CPU = Debug|Any CPU
		Release|Any CPU = Release|Any CPU
	EndGlobalSection
	GlobalSection(ProjectConfigurationPlatforms) = postSolution
		{923EB90A-AA41-4949-9C28-76BB3C48CDA5}.Debug|Any CPU.ActiveCfg = Debug|Any CPU
		{923EB90A-AA41-4949-9C28-76BB3C48CDA5}.Debug|Any CPU.Build.0 = Debug|Any CPU
		{923EB90A-AA41-4949-9C28-76BB3C48CDA5}.Release|Any CPU.ActiveCfg = Release|Any CPU
		{923EB90A-AA41-4949-9C28-76BB3C48CDA5}.Release|Any CPU.Build.0 = Release|Any CPU
	EndGlobalSection
	GlobalSection(SolutionProperties) = preSolution
		HideSolutionNode = FALSE
	EndGlobalSection
	GlobalSection(ExtensibilityGlobals) = postSolution
		SolutionGuid = {064CF3E0-4285-4811-A2A0-005ED5BF1890}
	EndGlobalSection
EndGlobal
