
Microsoft Visual Studio Solution File, Format Version 12.00
# Visual Studio Version 16
VisualStudioVersion = 16.0.31702.278
MinimumVisualStudioVersion = 10.0.40219.1
Project("{FAE04EC0-301F-11D3-BF4B-00C04F79EFBC}") = "t1005", "t1005\t1005.csproj", "{923EB90A-AA41-4949-9C28-76BB3C48CDA5}"
EndProject
Project("{FAE04EC0-301F-11D3-BF4B-00C04F79EFBC}") = "t1020", "t1020\t1020.csproj", "{9D3EA115-0CA4-4555-849A-5356B4210A3C}"
EndProject
Project("{FAE04EC0-301F-11D3-BF4B-00C04F79EFBC}") = "t1025", "t1025\t1025.csproj", "{FA1E8F1F-95F5-468C-9F4D-89AEF9A521BA}"
EndProject
Project("{FAE04EC0-301F-11D3-BF4B-00C04F79EFBC}") = "t1036", "t1036\t1036.csproj", "{A4C7A932-41A9-44CF-9BB6-9291E817E90B}"
EndProject
Project("{FAE04EC0-301F-11D3-BF4B-00C04F79EFBC}") = "t1044", "t1044\t1044.csproj", "{0B9FEB86-6043-47C6-8D04-BEF652BC8F59}"
EndProject
Project("{FAE04EC0-301F-11D3-BF4B-00C04F79EFBC}") = "t1073", "t1073\t1073.csproj", "{1DBF2856-4228-4334-A873-204B879FB5D6}"
EndProject
Project("{FAE04EC0-301F-11D3-BF4B-00C04F79EFBC}") = "t1079", "t1079\t1079.csproj", "{111A7FCE-F33E-4FB7-A945-72B4DF84A5A2}"
EndProject
Project("{FAE04EC0-301F-11D3-BF4B-00C04F79EFBC}") = "t1082", "t1082\t1082.csproj", "{BCE1AA33-B1D6-45E0-8F08-FA21CA0F679D}"
EndProject
Project("{FAE04EC0-301F-11D3-BF4B-00C04F79EFBC}") = "t1180", "t1180\t1180.csproj", "{07D509BD-B340-489B-882E-BF6393D4F49A}"
EndProject
Project("{FAE04EC0-301F-11D3-BF4B-00C04F79EFBC}") = "t1197", "t1197\t1197.csproj", "{CF81B340-D578-43EB-AEF2-B124BFE4DC18}"
EndProject
Project("{FAE04EC0-301F-11D3-BF4B-00C04F79EFBC}") = "t1209", "t1209\t1209.csproj", "{E85EE4F5-AC04-4A4B-A01D-DBDD662E578D}"
EndProject
Project("{FAE04EC0-301F-11D3-BF4B-00C04F79EFBC}") = "t1228", "t1228\t1228.csproj", "{90EE11B2-6452-4390-B824-38D657EEA299}"
EndProject
Project("{FAE04EC0-301F-11D3-BF4B-00C04F79EFBC}") = "t1313", "t1313\t1313.csproj", "{E8307286-2586-4445-B8A9-48E030B2630D}"
EndProject
Project("{FAE04EC0-301F-11D3-BF4B-00C04F79EFBC}") = "t1319", "t1319\t1319.csproj", "{2B33ED0F-0667-464C-9334-DE43F54DA28D}"
EndProject
Project("{FAE04EC0-301F-11D3-BF4B-00C04F79EFBC}") = "t1327", "t1327\t1327.csproj", "{C1A7FE57-5162-4572-83BD-83216A18CDDC}"
EndProject
Project("{FAE04EC0-301F-11D3-BF4B-00C04F79EFBC}") = "t1349", "t1349\t1349.csproj", "{C5247A49-C7E5-4FBC-8BB4-D18E48DB606A}"
EndProject
Project("{FAE04EC0-301F-11D3-BF4B-00C04F79EFBC}") = "t1404", "t1404\t1404.csproj", "{7A1B537E-43BA-4B3E-A6EF-EF3D95BFD11F}"
EndProject
Project("{FAE04EC0-301F-11D3-BF4B-00C04F79EFBC}") = "t1409", "t1409\t1409.csproj", "{8C58DDF3-4061-4690-976D-B3CA1AD0316F}"
EndProject
Project("{FAE04EC0-301F-11D3-BF4B-00C04F79EFBC}") = "t1457", "t1457\t1457.csproj", "{5C4385F0-4F1E-4684-A36D-4126369EF205}"
EndProject
Project("{FAE04EC0-301F-11D3-BF4B-00C04F79EFBC}") = "t1496", "t1496\t1496.csproj", "{C57946FA-867C-4D7B-8B35-64FF9970D3D4}"
EndProject
Project("{FAE04EC0-301F-11D3-BF4B-00C04F79EFBC}") = "t1502", "t1502\t1502.csproj", "{A6813B80-B9F1-4821-A9A2-6ABD674C2144}"
EndProject
Project("{FAE04EC0-301F-11D3-BF4B-00C04F79EFBC}") = "t1545", "t1545\t1545.csproj", "{315E9BF5-C11E-42D1-8CC0-4275CA6EF87E}"
EndProject
Project("{FAE04EC0-301F-11D3-BF4B-00C04F79EFBC}") = "t1567", "t1567\t1567.csproj", "{40750008-9E5E-42D8-B1D8-A2E3A6D21A6B}"
EndProject
Project("{FAE04EC0-301F-11D3-BF4B-00C04F79EFBC}") = "t1582", "t1582\t1582.csproj", "{078E01BF-DF1E-4F3F-A89D-412573EEC6C7}"
EndProject
Project("{FAE04EC0-301F-11D3-BF4B-00C04F79EFBC}") = "t1585", "t1585\t1585.csproj", "{87F0BF54-80A6-44CD-8EE3-F48C609C36B8}"
EndProject
Project("{FAE04EC0-301F-11D3-BF4B-00C04F79EFBC}") = "t1617", "t1617\t1617.csproj", "{EFA241DF-D060-4E1C-BCAB-4DC28FB95185}"
EndProject
Project("{FAE04EC0-301F-11D3-BF4B-00C04F79EFBC}") = "t1638", "t1638\t1638.csproj", "{F92DCB6A-2966-4CB5-8425-03534A12C22E}"
EndProject
Project("{FAE04EC0-301F-11D3-BF4B-00C04F79EFBC}") = "t1639", "t1639\t1639.csproj", "{EBBF8977-010A-45D5-B7BE-C0431204908D}"
EndProject
Project("{FAE04EC0-301F-11D3-BF4B-00C04F79EFBC}") = "t1712", "t1712\t1712.csproj", "{1A2650C6-D299-465B-822F-060B32739BB9}"
EndProject
Project("{FAE04EC0-301F-11D3-BF4B-00C04F79EFBC}") = "t1009", "t1009\t1009.csproj", "{89FD9D0E-509A-45CA-8128-D9614C708FF2}"
EndProject
Project("{FAE04EC0-301F-11D3-BF4B-00C04F79EFBC}") = "t1014", "t1014\t1014.csproj", "{1AF128B9-8A3D-4220-8122-556DB0D019C0}"
EndProject
Project("{FAE04EC0-301F-11D3-BF4B-00C04F79EFBC}") = "t1012", "t1012\t1012.csproj", "{84091D94-D2DF-4685-85D7-A984E7C0E765}"
EndProject
Project("{FAE04EC0-301F-11D3-BF4B-00C04F79EFBC}") = "t1013", "t1013\t1013.csproj", "{09F60ED1-FCEC-4FB4-905B-34819624477F}"
EndProject
Project("{FAE04EC0-301F-11D3-BF4B-00C04F79EFBC}") = "t1086", "t1086\t1086.csproj", "{01AD63C3-DC00-486F-92A2-7852818D04BE}"
EndProject
Project("{FAE04EC0-301F-11D3-BF4B-00C04F79EFBC}") = "t1022", "t1022\t1022.csproj", "{5F66397E-A25C-4632-9216-1CCFEBA2CB12}"
EndProject
Project("{FAE04EC0-301F-11D3-BF4B-00C04F79EFBC}") = "t1021", "t1021\t1021.csproj", "{06DE7306-9D40-43EC-8FF1-7AD0856F11EC}"
EndProject
Project("{FAE04EC0-301F-11D3-BF4B-00C04F79EFBC}") = "t1017", "t1017\t1017.csproj", "{9EB5D63B-08D4-43B5-85D0-4AE72E406C4C}"
EndProject
Project("{FAE04EC0-301F-11D3-BF4B-00C04F79EFBC}") = "t1100", "t1100\t1100.csproj", "{1F51BC7F-843B-496B-8E15-CDDABC8586F4}"
EndProject
Project("{FAE04EC0-301F-11D3-BF4B-00C04F79EFBC}") = "t1110", "t1110\t1110.csproj", "{DA1E3D00-9032-40B0-9402-2EBBFA41285E}"
EndProject
Project("{FAE04EC0-301F-11D3-BF4B-00C04F79EFBC}") = "t1196", "t1196\t1196.csproj", "{BD3645DC-3804-4774-9A73-411AAABD11D0}"
EndProject
Project("{FAE04EC0-301F-11D3-BF4B-00C04F79EFBC}") = "t1149", "t1149\t1149.csproj", "{A48C739B-7AC4-4E7B-83AE-C512E6E0ED46}"
EndProject
Project("{FAE04EC0-301F-11D3-BF4B-00C04F79EFBC}") = "t1119", "t1119\t1119.csproj", "{59996931-5E26-4C09-B780-160CDD0D812E}"
EndProject
Project("{FAE04EC0-301F-11D3-BF4B-00C04F79EFBC}") = "t1131", "t1131\t1131.csproj", "{779E3CCE-FE6D-4C0B-A970-5DC227364F4A}"
EndProject
Project("{FAE04EC0-301F-11D3-BF4B-00C04F79EFBC}") = "t1106", "t1106\t1106.csproj", "{4267C838-4428-4407-A135-F64AF7D29F02}"
EndProject
Project("{FAE04EC0-301F-11D3-BF4B-00C04F79EFBC}") = "t1139", "t1139\t1139.csproj", "{50A298F0-E09E-4962-90C3-4EE6D5C00BE5}"
EndProject
Project("{FAE04EC0-301F-11D3-BF4B-00C04F79EFBC}") = "t1146", "t1146\t1146.csproj", "{5E883607-141F-4D74-BB45-E166F45103A2}"
EndProject
Project("{FAE04EC0-301F-11D3-BF4B-00C04F79EFBC}") = "t1194", "t1194\t1194.csproj", "{2A19D841-E8CC-4634-91AB-E14FF365CF63}"
EndProject
Project("{FAE04EC0-301F-11D3-BF4B-00C04F79EFBC}") = "t1120", "t1120\t1120.csproj", "{D36A1547-7AA3-4567-964C-6C42F2B84D6F}"
EndProject
Project("{FAE04EC0-301F-11D3-BF4B-00C04F79EFBC}") = "t1161", "t1161\t1161.csproj", "{632737EC-DD7D-405F-8CAB-EEC65B0FB5DB}"
EndProject
Project("{FAE04EC0-301F-11D3-BF4B-00C04F79EFBC}") = "t1225", "t1225\t1225.csproj", "{5CCD3F32-8CFA-464F-A0BB-4D14BFB403CE}"
EndProject
Project("{FAE04EC0-301F-11D3-BF4B-00C04F79EFBC}") = "t1263", "t1263\t1263.csproj", "{C6F70402-300F-4A66-B02E-27085F134BA2}"
EndProject
Project("{FAE04EC0-301F-11D3-BF4B-00C04F79EFBC}") = "t1243", "t1243\t1243.csproj", "{7E85D13C-FCDE-461B-923C-95EC4679CFAB}"
EndProject
Project("{FAE04EC0-301F-11D3-BF4B-00C04F79EFBC}") = "t1224", "t1224\t1224.csproj", "{5786787B-5C0B-452B-BBB2-257A848D2F12}"
EndProject
Project("{FAE04EC0-301F-11D3-BF4B-00C04F79EFBC}") = "t1290", "t1290\t1290.csproj", "{A7BE2D02-5F10-4869-BF56-01F0954AD8D3}"
EndProject
Project("{FAE04EC0-301F-11D3-BF4B-00C04F79EFBC}") = "t1296", "t1296\t1296.csproj", "{2B6B7755-D614-4A1D-B786-063F516F9D3B}"
EndProject
Project("{FAE04EC0-301F-11D3-BF4B-00C04F79EFBC}") = "t1297", "t1297\t1297.csproj", "{9C2535C5-B874-4907-B05E-434A11E1047A}"
EndProject
Project("{FAE04EC0-301F-11D3-BF4B-00C04F79EFBC}") = "t1203", "t1203\t1203.csproj", "{1EE45670-1C27-478D-91DB-365EA2D1EA4D}"
EndProject
Project("{FAE04EC0-301F-11D3-BF4B-00C04F79EFBC}") = "t1214", "t1214\t1214.csproj", "{22741BA3-775C-4EBB-BD5F-9DAFBFDA8818}"
EndProject
Project("{FAE04EC0-301F-11D3-BF4B-00C04F79EFBC}") = "t1226", "t1226\t1226.csproj", "{32BF5F7C-E3A5-4C67-88A7-8A90C237DE60}"
EndProject
Project("{FAE04EC0-301F-11D3-BF4B-00C04F79EFBC}") = "t1260", "t1260\t1260.csproj", "{80252D6C-193C-4989-8640-AE2426242476}"
EndProject
Project("{FAE04EC0-301F-11D3-BF4B-00C04F79EFBC}") = "t1370", "t1370\t1370.csproj", "{2983DF39-4C36-431C-B8B8-A0E2BAF59B42}"
EndProject
Project("{FAE04EC0-301F-11D3-BF4B-00C04F79EFBC}") = "t1493", "t1493\t1493.csproj", "{D7352882-61B5-4475-A5B8-4033A33CC86E}"
EndProject
Project("{FAE04EC0-301F-11D3-BF4B-00C04F79EFBC}") = "t1581", "t1581\t1581.csproj", "{12E56984-7033-42BD-B329-F6A826737494}"
EndProject
Project("{FAE04EC0-301F-11D3-BF4B-00C04F79EFBC}") = "t1563", "t1563\t1563.csproj", "{F6BC474A-55A2-4154-B090-F037A601C2E3}"
EndProject
Project("{FAE04EC0-301F-11D3-BF4B-00C04F79EFBC}") = "t1510", "t1510\t1510.csproj", "{B6F5FD2B-661C-48AE-9D7B-53362D4BEFA7}"
EndProject
Project("{FAE04EC0-301F-11D3-BF4B-00C04F79EFBC}") = "t1573", "t1573\t1573.csproj", "{1D4B357A-4461-4DE5-AFD5-736FC44309A3}"
EndProject
Project("{FAE04EC0-301F-11D3-BF4B-00C04F79EFBC}") = "t1607", "t1607\t1607.csproj", "{BBCBCC24-1E5E-4E40-9B99-E7FDEB7A2E30}"
EndProject
Project("{FAE04EC0-301F-11D3-BF4B-00C04F79EFBC}") = "t1636", "t1636\t1636.csproj", "{03817082-EF3F-4EC1-9202-49999312BF09}"
EndProject
Project("{FAE04EC0-301F-11D3-BF4B-00C04F79EFBC}") = "t1654", "t1654\t1654.csproj", "{E8B59A34-E4D8-411A-BC4F-B0A9DB7A8823}"
EndProject
Project("{FAE04EC0-301F-11D3-BF4B-00C04F79EFBC}") = "t1785", "t1785\t1785.csproj", "{C4FA838B-2686-427C-93F8-7AA3D5173EBC}"
EndProject
Project("{FAE04EC0-301F-11D3-BF4B-00C04F79EFBC}") = "t1787", "t1787\t1787.csproj", "{4FA0C7AB-A3CB-4430-AB40-F81751FD0075}"
EndProject
Project("{FAE04EC0-301F-11D3-BF4B-00C04F79EFBC}") = "t1723", "t1723\t1723.csproj", "{CB15F7A6-15CA-4E5E-8831-BB77CC298BD0}"
EndProject
Project("{FAE04EC0-301F-11D3-BF4B-00C04F79EFBC}") = "t1877", "t1877\t1877.csproj", "{CEE6845D-33F4-4F7C-9FF5-E5DC9F6BDA35}"
EndProject
Project("{FAE04EC0-301F-11D3-BF4B-00C04F79EFBC}") = "t2012", "t2012\t2012.csproj", "{35BF8670-9AB2-42ED-9D8C-D067816BBB0F}"
EndProject
Project("{FAE04EC0-301F-11D3-BF4B-00C04F79EFBC}") = "t1820", "t1820\t1820.csproj", "{7B027FB4-5C40-4E92-BA8B-6199176D9C35}"
EndProject
Project("{FAE04EC0-301F-11D3-BF4B-00C04F79EFBC}") = "t2001", "t2001\t2001.csproj", "{40323852-821F-465B-8089-F07A17D7AC56}"
EndProject
Project("{FAE04EC0-301F-11D3-BF4B-00C04F79EFBC}") = "t1880", "t1880\t1880.csproj", "{E37EC16F-6206-4655-8C34-733861D9D18F}"
EndProject
Project("{FAE04EC0-301F-11D3-BF4B-00C04F79EFBC}") = "t1026", "t1026\t1026.csproj", "{9AEDD57C-338D-498E-B0DD-1D83477E2E33}"
EndProject
Project("{FAE04EC0-301F-11D3-BF4B-00C04F79EFBC}") = "t1084", "t1084\t1084.csproj", "{0AF62F6C-977A-4B5E-9F54-E6739C82ACBC}"
EndProject
Project("{FAE04EC0-301F-11D3-BF4B-00C04F79EFBC}") = "t1910", "t1910\t1910.csproj", "{AB3BBAF6-288F-4566-A19E-95F12D67E5BE}"
EndProject
Project("{FAE04EC0-301F-11D3-BF4B-00C04F79EFBC}") = "t1048", "t1048\t1048.csproj", "{6664D0F6-B3CA-4978-BE8F-F2A4A45ED74A}"
EndProject
Project("{FAE04EC0-301F-11D3-BF4B-00C04F79EFBC}") = "t1924", "t1924\t1924.csproj", "{87281B0C-EE44-4CA6-9B08-979068A4D74A}"
EndProject
Project("{FAE04EC0-301F-11D3-BF4B-00C04F79EFBC}") = "t1023", "t1023\t1023.csproj", "{C051A5A2-4C8B-4536-8FDC-3F3AB77F58DD}"
EndProject
Project("{FAE04EC0-301F-11D3-BF4B-00C04F79EFBC}") = "t1033", "t1033\t1033.csproj", "{91C88ACD-35F9-4425-A079-ACDC2D1A7876}"
EndProject
Project("{FAE04EC0-301F-11D3-BF4B-00C04F79EFBC}") = "t1052", "t1052\t1052.csproj", "{CFA171CD-7EFD-4000-8EC8-9C3FE7DBAFE6}"
EndProject
Project("{FAE04EC0-301F-11D3-BF4B-00C04F79EFBC}") = "t1011", "t1011\t1011.csproj", "{30D7C48D-0C8C-4EA9-94AC-0D91EC5D7AD2}"
EndProject
Project("{FAE04EC0-301F-11D3-BF4B-00C04F79EFBC}") = "t1049", "t1049\t1049.csproj", "{7FA34729-DABE-48AA-A5DD-C6418A758C87}"
EndProject
Project("{FAE04EC0-301F-11D3-BF4B-00C04F79EFBC}") = "t1080", "t1080\t1080.csproj", "{55AB15D2-3811-4F15-B4D8-EE648BEA78EC}"
EndProject
Project("{FAE04EC0-301F-11D3-BF4B-00C04F79EFBC}") = "t1028", "t1028\t1028.csproj", "{F82EC281-A5DB-4E54-AFB7-6012E7576087}"
EndProject
Global
	GlobalSection(SolutionConfigurationPlatforms) = preSolution
		Debug|Any CPU = Debug|Any CPU
		Release|Any CPU = Release|Any CPU
	EndGlobalSection
	GlobalSection(ProjectConfigurationPlatforms) = postSolution
		{923EB90A-AA41-4949-9C28-76BB3C48CDA5}.Debug|Any CPU.ActiveCfg = Debug|Any CPU
		{923EB90A-AA41-4949-9C28-76BB3C48CDA5}.Debug|Any CPU.Build.0 = Debug|Any CPU
		{923EB90A-AA41-4949-9C28-76BB3C48CDA5}.Release|Any CPU.ActiveCfg = Release|Any CPU
		{923EB90A-AA41-4949-9C28-76BB3C48CDA5}.Release|Any CPU.Build.0 = Release|Any CPU
		{9D3EA115-0CA4-4555-849A-5356B4210A3C}.Debug|Any CPU.ActiveCfg = Debug|Any CPU
		{9D3EA115-0CA4-4555-849A-5356B4210A3C}.Debug|Any CPU.Build.0 = Debug|Any CPU
		{9D3EA115-0CA4-4555-849A-5356B4210A3C}.Release|Any CPU.ActiveCfg = Release|Any CPU
		{9D3EA115-0CA4-4555-849A-5356B4210A3C}.Release|Any CPU.Build.0 = Release|Any CPU
		{FA1E8F1F-95F5-468C-9F4D-89AEF9A521BA}.Debug|Any CPU.ActiveCfg = Debug|Any CPU
		{FA1E8F1F-95F5-468C-9F4D-89AEF9A521BA}.Debug|Any CPU.Build.0 = Debug|Any CPU
		{FA1E8F1F-95F5-468C-9F4D-89AEF9A521BA}.Release|Any CPU.ActiveCfg = Release|Any CPU
		{FA1E8F1F-95F5-468C-9F4D-89AEF9A521BA}.Release|Any CPU.Build.0 = Release|Any CPU
		{A4C7A932-41A9-44CF-9BB6-9291E817E90B}.Debug|Any CPU.ActiveCfg = Debug|Any CPU
		{A4C7A932-41A9-44CF-9BB6-9291E817E90B}.Debug|Any CPU.Build.0 = Debug|Any CPU
		{A4C7A932-41A9-44CF-9BB6-9291E817E90B}.Release|Any CPU.ActiveCfg = Release|Any CPU
		{A4C7A932-41A9-44CF-9BB6-9291E817E90B}.Release|Any CPU.Build.0 = Release|Any CPU
		{0B9FEB86-6043-47C6-8D04-BEF652BC8F59}.Debug|Any CPU.ActiveCfg = Debug|Any CPU
		{0B9FEB86-6043-47C6-8D04-BEF652BC8F59}.Debug|Any CPU.Build.0 = Debug|Any CPU
		{0B9FEB86-6043-47C6-8D04-BEF652BC8F59}.Release|Any CPU.ActiveCfg = Release|Any CPU
		{0B9FEB86-6043-47C6-8D04-BEF652BC8F59}.Release|Any CPU.Build.0 = Release|Any CPU
		{1DBF2856-4228-4334-A873-204B879FB5D6}.Debug|Any CPU.ActiveCfg = Debug|Any CPU
		{1DBF2856-4228-4334-A873-204B879FB5D6}.Debug|Any CPU.Build.0 = Debug|Any CPU
		{1DBF2856-4228-4334-A873-204B879FB5D6}.Release|Any CPU.ActiveCfg = Release|Any CPU
		{1DBF2856-4228-4334-A873-204B879FB5D6}.Release|Any CPU.Build.0 = Release|Any CPU
		{111A7FCE-F33E-4FB7-A945-72B4DF84A5A2}.Debug|Any CPU.ActiveCfg = Debug|Any CPU
		{111A7FCE-F33E-4FB7-A945-72B4DF84A5A2}.Debug|Any CPU.Build.0 = Debug|Any CPU
		{111A7FCE-F33E-4FB7-A945-72B4DF84A5A2}.Release|Any CPU.ActiveCfg = Release|Any CPU
		{111A7FCE-F33E-4FB7-A945-72B4DF84A5A2}.Release|Any CPU.Build.0 = Release|Any CPU
		{BCE1AA33-B1D6-45E0-8F08-FA21CA0F679D}.Debug|Any CPU.ActiveCfg = Debug|Any CPU
		{BCE1AA33-B1D6-45E0-8F08-FA21CA0F679D}.Debug|Any CPU.Build.0 = Debug|Any CPU
		{BCE1AA33-B1D6-45E0-8F08-FA21CA0F679D}.Release|Any CPU.ActiveCfg = Release|Any CPU
		{BCE1AA33-B1D6-45E0-8F08-FA21CA0F679D}.Release|Any CPU.Build.0 = Release|Any CPU
		{07D509BD-B340-489B-882E-BF6393D4F49A}.Debug|Any CPU.ActiveCfg = Debug|Any CPU
		{07D509BD-B340-489B-882E-BF6393D4F49A}.Debug|Any CPU.Build.0 = Debug|Any CPU
		{07D509BD-B340-489B-882E-BF6393D4F49A}.Release|Any CPU.ActiveCfg = Release|Any CPU
		{07D509BD-B340-489B-882E-BF6393D4F49A}.Release|Any CPU.Build.0 = Release|Any CPU
		{CF81B340-D578-43EB-AEF2-B124BFE4DC18}.Debug|Any CPU.ActiveCfg = Debug|Any CPU
		{CF81B340-D578-43EB-AEF2-B124BFE4DC18}.Debug|Any CPU.Build.0 = Debug|Any CPU
		{CF81B340-D578-43EB-AEF2-B124BFE4DC18}.Release|Any CPU.ActiveCfg = Release|Any CPU
		{CF81B340-D578-43EB-AEF2-B124BFE4DC18}.Release|Any CPU.Build.0 = Release|Any CPU
		{E85EE4F5-AC04-4A4B-A01D-DBDD662E578D}.Debug|Any CPU.ActiveCfg = Debug|Any CPU
		{E85EE4F5-AC04-4A4B-A01D-DBDD662E578D}.Debug|Any CPU.Build.0 = Debug|Any CPU
		{E85EE4F5-AC04-4A4B-A01D-DBDD662E578D}.Release|Any CPU.ActiveCfg = Release|Any CPU
		{E85EE4F5-AC04-4A4B-A01D-DBDD662E578D}.Release|Any CPU.Build.0 = Release|Any CPU
		{90EE11B2-6452-4390-B824-38D657EEA299}.Debug|Any CPU.ActiveCfg = Debug|Any CPU
		{90EE11B2-6452-4390-B824-38D657EEA299}.Debug|Any CPU.Build.0 = Debug|Any CPU
		{90EE11B2-6452-4390-B824-38D657EEA299}.Release|Any CPU.ActiveCfg = Release|Any CPU
		{90EE11B2-6452-4390-B824-38D657EEA299}.Release|Any CPU.Build.0 = Release|Any CPU
		{E8307286-2586-4445-B8A9-48E030B2630D}.Debug|Any CPU.ActiveCfg = Debug|Any CPU
		{E8307286-2586-4445-B8A9-48E030B2630D}.Debug|Any CPU.Build.0 = Debug|Any CPU
		{E8307286-2586-4445-B8A9-48E030B2630D}.Release|Any CPU.ActiveCfg = Release|Any CPU
		{E8307286-2586-4445-B8A9-48E030B2630D}.Release|Any CPU.Build.0 = Release|Any CPU
		{2B33ED0F-0667-464C-9334-DE43F54DA28D}.Debug|Any CPU.ActiveCfg = Debug|Any CPU
		{2B33ED0F-0667-464C-9334-DE43F54DA28D}.Debug|Any CPU.Build.0 = Debug|Any CPU
		{2B33ED0F-0667-464C-9334-DE43F54DA28D}.Release|Any CPU.ActiveCfg = Release|Any CPU
		{2B33ED0F-0667-464C-9334-DE43F54DA28D}.Release|Any CPU.Build.0 = Release|Any CPU
		{C1A7FE57-5162-4572-83BD-83216A18CDDC}.Debug|Any CPU.ActiveCfg = Debug|Any CPU
		{C1A7FE57-5162-4572-83BD-83216A18CDDC}.Debug|Any CPU.Build.0 = Debug|Any CPU
		{C1A7FE57-5162-4572-83BD-83216A18CDDC}.Release|Any CPU.ActiveCfg = Release|Any CPU
		{C1A7FE57-5162-4572-83BD-83216A18CDDC}.Release|Any CPU.Build.0 = Release|Any CPU
		{C5247A49-C7E5-4FBC-8BB4-D18E48DB606A}.Debug|Any CPU.ActiveCfg = Debug|Any CPU
		{C5247A49-C7E5-4FBC-8BB4-D18E48DB606A}.Debug|Any CPU.Build.0 = Debug|Any CPU
		{C5247A49-C7E5-4FBC-8BB4-D18E48DB606A}.Release|Any CPU.ActiveCfg = Release|Any CPU
		{C5247A49-C7E5-4FBC-8BB4-D18E48DB606A}.Release|Any CPU.Build.0 = Release|Any CPU
		{7A1B537E-43BA-4B3E-A6EF-EF3D95BFD11F}.Debug|Any CPU.ActiveCfg = Debug|Any CPU
		{7A1B537E-43BA-4B3E-A6EF-EF3D95BFD11F}.Debug|Any CPU.Build.0 = Debug|Any CPU
		{7A1B537E-43BA-4B3E-A6EF-EF3D95BFD11F}.Release|Any CPU.ActiveCfg = Release|Any CPU
		{7A1B537E-43BA-4B3E-A6EF-EF3D95BFD11F}.Release|Any CPU.Build.0 = Release|Any CPU
		{8C58DDF3-4061-4690-976D-B3CA1AD0316F}.Debug|Any CPU.ActiveCfg = Debug|Any CPU
		{8C58DDF3-4061-4690-976D-B3CA1AD0316F}.Debug|Any CPU.Build.0 = Debug|Any CPU
		{8C58DDF3-4061-4690-976D-B3CA1AD0316F}.Release|Any CPU.ActiveCfg = Release|Any CPU
		{8C58DDF3-4061-4690-976D-B3CA1AD0316F}.Release|Any CPU.Build.0 = Release|Any CPU
		{5C4385F0-4F1E-4684-A36D-4126369EF205}.Debug|Any CPU.ActiveCfg = Debug|Any CPU
		{5C4385F0-4F1E-4684-A36D-4126369EF205}.Debug|Any CPU.Build.0 = Debug|Any CPU
		{5C4385F0-4F1E-4684-A36D-4126369EF205}.Release|Any CPU.ActiveCfg = Release|Any CPU
		{5C4385F0-4F1E-4684-A36D-4126369EF205}.Release|Any CPU.Build.0 = Release|Any CPU
		{C57946FA-867C-4D7B-8B35-64FF9970D3D4}.Debug|Any CPU.ActiveCfg = Debug|Any CPU
		{C57946FA-867C-4D7B-8B35-64FF9970D3D4}.Debug|Any CPU.Build.0 = Debug|Any CPU
		{C57946FA-867C-4D7B-8B35-64FF9970D3D4}.Release|Any CPU.ActiveCfg = Release|Any CPU
		{C57946FA-867C-4D7B-8B35-64FF9970D3D4}.Release|Any CPU.Build.0 = Release|Any CPU
		{A6813B80-B9F1-4821-A9A2-6ABD674C2144}.Debug|Any CPU.ActiveCfg = Debug|Any CPU
		{A6813B80-B9F1-4821-A9A2-6ABD674C2144}.Debug|Any CPU.Build.0 = Debug|Any CPU
		{A6813B80-B9F1-4821-A9A2-6ABD674C2144}.Release|Any CPU.ActiveCfg = Release|Any CPU
		{A6813B80-B9F1-4821-A9A2-6ABD674C2144}.Release|Any CPU.Build.0 = Release|Any CPU
		{315E9BF5-C11E-42D1-8CC0-4275CA6EF87E}.Debug|Any CPU.ActiveCfg = Debug|Any CPU
		{315E9BF5-C11E-42D1-8CC0-4275CA6EF87E}.Debug|Any CPU.Build.0 = Debug|Any CPU
		{315E9BF5-C11E-42D1-8CC0-4275CA6EF87E}.Release|Any CPU.ActiveCfg = Release|Any CPU
		{315E9BF5-C11E-42D1-8CC0-4275CA6EF87E}.Release|Any CPU.Build.0 = Release|Any CPU
		{40750008-9E5E-42D8-B1D8-A2E3A6D21A6B}.Debug|Any CPU.ActiveCfg = Debug|Any CPU
		{40750008-9E5E-42D8-B1D8-A2E3A6D21A6B}.Debug|Any CPU.Build.0 = Debug|Any CPU
		{40750008-9E5E-42D8-B1D8-A2E3A6D21A6B}.Release|Any CPU.ActiveCfg = Release|Any CPU
		{40750008-9E5E-42D8-B1D8-A2E3A6D21A6B}.Release|Any CPU.Build.0 = Release|Any CPU
		{078E01BF-DF1E-4F3F-A89D-412573EEC6C7}.Debug|Any CPU.ActiveCfg = Debug|Any CPU
		{078E01BF-DF1E-4F3F-A89D-412573EEC6C7}.Debug|Any CPU.Build.0 = Debug|Any CPU
		{078E01BF-DF1E-4F3F-A89D-412573EEC6C7}.Release|Any CPU.ActiveCfg = Release|Any CPU
		{078E01BF-DF1E-4F3F-A89D-412573EEC6C7}.Release|Any CPU.Build.0 = Release|Any CPU
		{87F0BF54-80A6-44CD-8EE3-F48C609C36B8}.Debug|Any CPU.ActiveCfg = Debug|Any CPU
		{87F0BF54-80A6-44CD-8EE3-F48C609C36B8}.Debug|Any CPU.Build.0 = Debug|Any CPU
		{87F0BF54-80A6-44CD-8EE3-F48C609C36B8}.Release|Any CPU.ActiveCfg = Release|Any CPU
		{87F0BF54-80A6-44CD-8EE3-F48C609C36B8}.Release|Any CPU.Build.0 = Release|Any CPU
		{EFA241DF-D060-4E1C-BCAB-4DC28FB95185}.Debug|Any CPU.ActiveCfg = Debug|Any CPU
		{EFA241DF-D060-4E1C-BCAB-4DC28FB95185}.Debug|Any CPU.Build.0 = Debug|Any CPU
		{EFA241DF-D060-4E1C-BCAB-4DC28FB95185}.Release|Any CPU.ActiveCfg = Release|Any CPU
		{EFA241DF-D060-4E1C-BCAB-4DC28FB95185}.Release|Any CPU.Build.0 = Release|Any CPU
		{F92DCB6A-2966-4CB5-8425-03534A12C22E}.Debug|Any CPU.ActiveCfg = Debug|Any CPU
		{F92DCB6A-2966-4CB5-8425-03534A12C22E}.Debug|Any CPU.Build.0 = Debug|Any CPU
		{F92DCB6A-2966-4CB5-8425-03534A12C22E}.Release|Any CPU.ActiveCfg = Release|Any CPU
		{F92DCB6A-2966-4CB5-8425-03534A12C22E}.Release|Any CPU.Build.0 = Release|Any CPU
		{EBBF8977-010A-45D5-B7BE-C0431204908D}.Debug|Any CPU.ActiveCfg = Debug|Any CPU
		{EBBF8977-010A-45D5-B7BE-C0431204908D}.Debug|Any CPU.Build.0 = Debug|Any CPU
		{EBBF8977-010A-45D5-B7BE-C0431204908D}.Release|Any CPU.ActiveCfg = Release|Any CPU
		{EBBF8977-010A-45D5-B7BE-C0431204908D}.Release|Any CPU.Build.0 = Release|Any CPU
		{1A2650C6-D299-465B-822F-060B32739BB9}.Debug|Any CPU.ActiveCfg = Debug|Any CPU
		{1A2650C6-D299-465B-822F-060B32739BB9}.Debug|Any CPU.Build.0 = Debug|Any CPU
		{1A2650C6-D299-465B-822F-060B32739BB9}.Release|Any CPU.ActiveCfg = Release|Any CPU
		{1A2650C6-D299-465B-822F-060B32739BB9}.Release|Any CPU.Build.0 = Release|Any CPU
		{89FD9D0E-509A-45CA-8128-D9614C708FF2}.Debug|Any CPU.ActiveCfg = Debug|Any CPU
		{89FD9D0E-509A-45CA-8128-D9614C708FF2}.Debug|Any CPU.Build.0 = Debug|Any CPU
		{89FD9D0E-509A-45CA-8128-D9614C708FF2}.Release|Any CPU.ActiveCfg = Release|Any CPU
		{89FD9D0E-509A-45CA-8128-D9614C708FF2}.Release|Any CPU.Build.0 = Release|Any CPU
		{1AF128B9-8A3D-4220-8122-556DB0D019C0}.Debug|Any CPU.ActiveCfg = Debug|Any CPU
		{1AF128B9-8A3D-4220-8122-556DB0D019C0}.Debug|Any CPU.Build.0 = Debug|Any CPU
		{1AF128B9-8A3D-4220-8122-556DB0D019C0}.Release|Any CPU.ActiveCfg = Release|Any CPU
		{1AF128B9-8A3D-4220-8122-556DB0D019C0}.Release|Any CPU.Build.0 = Release|Any CPU
		{84091D94-D2DF-4685-85D7-A984E7C0E765}.Debug|Any CPU.ActiveCfg = Debug|Any CPU
		{84091D94-D2DF-4685-85D7-A984E7C0E765}.Debug|Any CPU.Build.0 = Debug|Any CPU
		{84091D94-D2DF-4685-85D7-A984E7C0E765}.Release|Any CPU.ActiveCfg = Release|Any CPU
		{84091D94-D2DF-4685-85D7-A984E7C0E765}.Release|Any CPU.Build.0 = Release|Any CPU
		{09F60ED1-FCEC-4FB4-905B-34819624477F}.Debug|Any CPU.ActiveCfg = Debug|Any CPU
		{09F60ED1-FCEC-4FB4-905B-34819624477F}.Debug|Any CPU.Build.0 = Debug|Any CPU
		{09F60ED1-FCEC-4FB4-905B-34819624477F}.Release|Any CPU.ActiveCfg = Release|Any CPU
		{09F60ED1-FCEC-4FB4-905B-34819624477F}.Release|Any CPU.Build.0 = Release|Any CPU
		{01AD63C3-DC00-486F-92A2-7852818D04BE}.Debug|Any CPU.ActiveCfg = Debug|Any CPU
		{01AD63C3-DC00-486F-92A2-7852818D04BE}.Debug|Any CPU.Build.0 = Debug|Any CPU
		{01AD63C3-DC00-486F-92A2-7852818D04BE}.Release|Any CPU.ActiveCfg = Release|Any CPU
		{01AD63C3-DC00-486F-92A2-7852818D04BE}.Release|Any CPU.Build.0 = Release|Any CPU
		{5F66397E-A25C-4632-9216-1CCFEBA2CB12}.Debug|Any CPU.ActiveCfg = Debug|Any CPU
		{5F66397E-A25C-4632-9216-1CCFEBA2CB12}.Debug|Any CPU.Build.0 = Debug|Any CPU
		{5F66397E-A25C-4632-9216-1CCFEBA2CB12}.Release|Any CPU.ActiveCfg = Release|Any CPU
		{5F66397E-A25C-4632-9216-1CCFEBA2CB12}.Release|Any CPU.Build.0 = Release|Any CPU
		{06DE7306-9D40-43EC-8FF1-7AD0856F11EC}.Debug|Any CPU.ActiveCfg = Debug|Any CPU
		{06DE7306-9D40-43EC-8FF1-7AD0856F11EC}.Debug|Any CPU.Build.0 = Debug|Any CPU
		{06DE7306-9D40-43EC-8FF1-7AD0856F11EC}.Release|Any CPU.ActiveCfg = Release|Any CPU
		{06DE7306-9D40-43EC-8FF1-7AD0856F11EC}.Release|Any CPU.Build.0 = Release|Any CPU
		{9EB5D63B-08D4-43B5-85D0-4AE72E406C4C}.Debug|Any CPU.ActiveCfg = Debug|Any CPU
		{9EB5D63B-08D4-43B5-85D0-4AE72E406C4C}.Debug|Any CPU.Build.0 = Debug|Any CPU
		{9EB5D63B-08D4-43B5-85D0-4AE72E406C4C}.Release|Any CPU.ActiveCfg = Release|Any CPU
		{9EB5D63B-08D4-43B5-85D0-4AE72E406C4C}.Release|Any CPU.Build.0 = Release|Any CPU
		{1F51BC7F-843B-496B-8E15-CDDABC8586F4}.Debug|Any CPU.ActiveCfg = Debug|Any CPU
		{1F51BC7F-843B-496B-8E15-CDDABC8586F4}.Debug|Any CPU.Build.0 = Debug|Any CPU
		{1F51BC7F-843B-496B-8E15-CDDABC8586F4}.Release|Any CPU.ActiveCfg = Release|Any CPU
		{1F51BC7F-843B-496B-8E15-CDDABC8586F4}.Release|Any CPU.Build.0 = Release|Any CPU
		{DA1E3D00-9032-40B0-9402-2EBBFA41285E}.Debug|Any CPU.ActiveCfg = Debug|Any CPU
		{DA1E3D00-9032-40B0-9402-2EBBFA41285E}.Debug|Any CPU.Build.0 = Debug|Any CPU
		{DA1E3D00-9032-40B0-9402-2EBBFA41285E}.Release|Any CPU.ActiveCfg = Release|Any CPU
		{DA1E3D00-9032-40B0-9402-2EBBFA41285E}.Release|Any CPU.Build.0 = Release|Any CPU
		{BD3645DC-3804-4774-9A73-411AAABD11D0}.Debug|Any CPU.ActiveCfg = Debug|Any CPU
		{BD3645DC-3804-4774-9A73-411AAABD11D0}.Debug|Any CPU.Build.0 = Debug|Any CPU
		{BD3645DC-3804-4774-9A73-411AAABD11D0}.Release|Any CPU.ActiveCfg = Release|Any CPU
		{BD3645DC-3804-4774-9A73-411AAABD11D0}.Release|Any CPU.Build.0 = Release|Any CPU
		{A48C739B-7AC4-4E7B-83AE-C512E6E0ED46}.Debug|Any CPU.ActiveCfg = Debug|Any CPU
		{A48C739B-7AC4-4E7B-83AE-C512E6E0ED46}.Debug|Any CPU.Build.0 = Debug|Any CPU
		{A48C739B-7AC4-4E7B-83AE-C512E6E0ED46}.Release|Any CPU.ActiveCfg = Release|Any CPU
		{A48C739B-7AC4-4E7B-83AE-C512E6E0ED46}.Release|Any CPU.Build.0 = Release|Any CPU
		{59996931-5E26-4C09-B780-160CDD0D812E}.Debug|Any CPU.ActiveCfg = Debug|Any CPU
		{59996931-5E26-4C09-B780-160CDD0D812E}.Debug|Any CPU.Build.0 = Debug|Any CPU
		{59996931-5E26-4C09-B780-160CDD0D812E}.Release|Any CPU.ActiveCfg = Release|Any CPU
		{59996931-5E26-4C09-B780-160CDD0D812E}.Release|Any CPU.Build.0 = Release|Any CPU
		{779E3CCE-FE6D-4C0B-A970-5DC227364F4A}.Debug|Any CPU.ActiveCfg = Debug|Any CPU
		{779E3CCE-FE6D-4C0B-A970-5DC227364F4A}.Debug|Any CPU.Build.0 = Debug|Any CPU
		{779E3CCE-FE6D-4C0B-A970-5DC227364F4A}.Release|Any CPU.ActiveCfg = Release|Any CPU
		{779E3CCE-FE6D-4C0B-A970-5DC227364F4A}.Release|Any CPU.Build.0 = Release|Any CPU
		{4267C838-4428-4407-A135-F64AF7D29F02}.Debug|Any CPU.ActiveCfg = Debug|Any CPU
		{4267C838-4428-4407-A135-F64AF7D29F02}.Debug|Any CPU.Build.0 = Debug|Any CPU
		{4267C838-4428-4407-A135-F64AF7D29F02}.Release|Any CPU.ActiveCfg = Release|Any CPU
		{4267C838-4428-4407-A135-F64AF7D29F02}.Release|Any CPU.Build.0 = Release|Any CPU
		{50A298F0-E09E-4962-90C3-4EE6D5C00BE5}.Debug|Any CPU.ActiveCfg = Debug|Any CPU
		{50A298F0-E09E-4962-90C3-4EE6D5C00BE5}.Debug|Any CPU.Build.0 = Debug|Any CPU
		{50A298F0-E09E-4962-90C3-4EE6D5C00BE5}.Release|Any CPU.ActiveCfg = Release|Any CPU
		{50A298F0-E09E-4962-90C3-4EE6D5C00BE5}.Release|Any CPU.Build.0 = Release|Any CPU
		{5E883607-141F-4D74-BB45-E166F45103A2}.Debug|Any CPU.ActiveCfg = Debug|Any CPU
		{5E883607-141F-4D74-BB45-E166F45103A2}.Debug|Any CPU.Build.0 = Debug|Any CPU
		{5E883607-141F-4D74-BB45-E166F45103A2}.Release|Any CPU.ActiveCfg = Release|Any CPU
		{5E883607-141F-4D74-BB45-E166F45103A2}.Release|Any CPU.Build.0 = Release|Any CPU
		{2A19D841-E8CC-4634-91AB-E14FF365CF63}.Debug|Any CPU.ActiveCfg = Debug|Any CPU
		{2A19D841-E8CC-4634-91AB-E14FF365CF63}.Debug|Any CPU.Build.0 = Debug|Any CPU
		{2A19D841-E8CC-4634-91AB-E14FF365CF63}.Release|Any CPU.ActiveCfg = Release|Any CPU
		{2A19D841-E8CC-4634-91AB-E14FF365CF63}.Release|Any CPU.Build.0 = Release|Any CPU
		{D36A1547-7AA3-4567-964C-6C42F2B84D6F}.Debug|Any CPU.ActiveCfg = Debug|Any CPU
		{D36A1547-7AA3-4567-964C-6C42F2B84D6F}.Debug|Any CPU.Build.0 = Debug|Any CPU
		{D36A1547-7AA3-4567-964C-6C42F2B84D6F}.Release|Any CPU.ActiveCfg = Release|Any CPU
		{D36A1547-7AA3-4567-964C-6C42F2B84D6F}.Release|Any CPU.Build.0 = Release|Any CPU
		{632737EC-DD7D-405F-8CAB-EEC65B0FB5DB}.Debug|Any CPU.ActiveCfg = Debug|Any CPU
		{632737EC-DD7D-405F-8CAB-EEC65B0FB5DB}.Debug|Any CPU.Build.0 = Debug|Any CPU
		{632737EC-DD7D-405F-8CAB-EEC65B0FB5DB}.Release|Any CPU.ActiveCfg = Release|Any CPU
		{632737EC-DD7D-405F-8CAB-EEC65B0FB5DB}.Release|Any CPU.Build.0 = Release|Any CPU
		{5CCD3F32-8CFA-464F-A0BB-4D14BFB403CE}.Debug|Any CPU.ActiveCfg = Debug|Any CPU
		{5CCD3F32-8CFA-464F-A0BB-4D14BFB403CE}.Debug|Any CPU.Build.0 = Debug|Any CPU
		{5CCD3F32-8CFA-464F-A0BB-4D14BFB403CE}.Release|Any CPU.ActiveCfg = Release|Any CPU
		{5CCD3F32-8CFA-464F-A0BB-4D14BFB403CE}.Release|Any CPU.Build.0 = Release|Any CPU
		{C6F70402-300F-4A66-B02E-27085F134BA2}.Debug|Any CPU.ActiveCfg = Debug|Any CPU
		{C6F70402-300F-4A66-B02E-27085F134BA2}.Debug|Any CPU.Build.0 = Debug|Any CPU
		{C6F70402-300F-4A66-B02E-27085F134BA2}.Release|Any CPU.ActiveCfg = Release|Any CPU
		{C6F70402-300F-4A66-B02E-27085F134BA2}.Release|Any CPU.Build.0 = Release|Any CPU
		{7E85D13C-FCDE-461B-923C-95EC4679CFAB}.Debug|Any CPU.ActiveCfg = Debug|Any CPU
		{7E85D13C-FCDE-461B-923C-95EC4679CFAB}.Debug|Any CPU.Build.0 = Debug|Any CPU
		{7E85D13C-FCDE-461B-923C-95EC4679CFAB}.Release|Any CPU.ActiveCfg = Release|Any CPU
		{7E85D13C-FCDE-461B-923C-95EC4679CFAB}.Release|Any CPU.Build.0 = Release|Any CPU
		{5786787B-5C0B-452B-BBB2-257A848D2F12}.Debug|Any CPU.ActiveCfg = Debug|Any CPU
		{5786787B-5C0B-452B-BBB2-257A848D2F12}.Debug|Any CPU.Build.0 = Debug|Any CPU
		{5786787B-5C0B-452B-BBB2-257A848D2F12}.Release|Any CPU.ActiveCfg = Release|Any CPU
		{5786787B-5C0B-452B-BBB2-257A848D2F12}.Release|Any CPU.Build.0 = Release|Any CPU
		{A7BE2D02-5F10-4869-BF56-01F0954AD8D3}.Debug|Any CPU.ActiveCfg = Debug|Any CPU
		{A7BE2D02-5F10-4869-BF56-01F0954AD8D3}.Debug|Any CPU.Build.0 = Debug|Any CPU
		{A7BE2D02-5F10-4869-BF56-01F0954AD8D3}.Release|Any CPU.ActiveCfg = Release|Any CPU
		{A7BE2D02-5F10-4869-BF56-01F0954AD8D3}.Release|Any CPU.Build.0 = Release|Any CPU
		{2B6B7755-D614-4A1D-B786-063F516F9D3B}.Debug|Any CPU.ActiveCfg = Debug|Any CPU
		{2B6B7755-D614-4A1D-B786-063F516F9D3B}.Debug|Any CPU.Build.0 = Debug|Any CPU
		{2B6B7755-D614-4A1D-B786-063F516F9D3B}.Release|Any CPU.ActiveCfg = Release|Any CPU
		{2B6B7755-D614-4A1D-B786-063F516F9D3B}.Release|Any CPU.Build.0 = Release|Any CPU
		{9C2535C5-B874-4907-B05E-434A11E1047A}.Debug|Any CPU.ActiveCfg = Debug|Any CPU
		{9C2535C5-B874-4907-B05E-434A11E1047A}.Debug|Any CPU.Build.0 = Debug|Any CPU
		{9C2535C5-B874-4907-B05E-434A11E1047A}.Release|Any CPU.ActiveCfg = Release|Any CPU
		{9C2535C5-B874-4907-B05E-434A11E1047A}.Release|Any CPU.Build.0 = Release|Any CPU
		{1EE45670-1C27-478D-91DB-365EA2D1EA4D}.Debug|Any CPU.ActiveCfg = Debug|Any CPU
		{1EE45670-1C27-478D-91DB-365EA2D1EA4D}.Debug|Any CPU.Build.0 = Debug|Any CPU
		{1EE45670-1C27-478D-91DB-365EA2D1EA4D}.Release|Any CPU.ActiveCfg = Release|Any CPU
		{1EE45670-1C27-478D-91DB-365EA2D1EA4D}.Release|Any CPU.Build.0 = Release|Any CPU
		{22741BA3-775C-4EBB-BD5F-9DAFBFDA8818}.Debug|Any CPU.ActiveCfg = Debug|Any CPU
		{22741BA3-775C-4EBB-BD5F-9DAFBFDA8818}.Debug|Any CPU.Build.0 = Debug|Any CPU
		{22741BA3-775C-4EBB-BD5F-9DAFBFDA8818}.Release|Any CPU.ActiveCfg = Release|Any CPU
		{22741BA3-775C-4EBB-BD5F-9DAFBFDA8818}.Release|Any CPU.Build.0 = Release|Any CPU
		{32BF5F7C-E3A5-4C67-88A7-8A90C237DE60}.Debug|Any CPU.ActiveCfg = Debug|Any CPU
		{32BF5F7C-E3A5-4C67-88A7-8A90C237DE60}.Debug|Any CPU.Build.0 = Debug|Any CPU
		{32BF5F7C-E3A5-4C67-88A7-8A90C237DE60}.Release|Any CPU.ActiveCfg = Release|Any CPU
		{32BF5F7C-E3A5-4C67-88A7-8A90C237DE60}.Release|Any CPU.Build.0 = Release|Any CPU
		{80252D6C-193C-4989-8640-AE2426242476}.Debug|Any CPU.ActiveCfg = Debug|Any CPU
		{80252D6C-193C-4989-8640-AE2426242476}.Debug|Any CPU.Build.0 = Debug|Any CPU
		{80252D6C-193C-4989-8640-AE2426242476}.Release|Any CPU.ActiveCfg = Release|Any CPU
		{80252D6C-193C-4989-8640-AE2426242476}.Release|Any CPU.Build.0 = Release|Any CPU
		{2983DF39-4C36-431C-B8B8-A0E2BAF59B42}.Debug|Any CPU.ActiveCfg = Debug|Any CPU
		{2983DF39-4C36-431C-B8B8-A0E2BAF59B42}.Debug|Any CPU.Build.0 = Debug|Any CPU
		{2983DF39-4C36-431C-B8B8-A0E2BAF59B42}.Release|Any CPU.ActiveCfg = Release|Any CPU
		{2983DF39-4C36-431C-B8B8-A0E2BAF59B42}.Release|Any CPU.Build.0 = Release|Any CPU
		{D7352882-61B5-4475-A5B8-4033A33CC86E}.Debug|Any CPU.ActiveCfg = Debug|Any CPU
		{D7352882-61B5-4475-A5B8-4033A33CC86E}.Debug|Any CPU.Build.0 = Debug|Any CPU
		{D7352882-61B5-4475-A5B8-4033A33CC86E}.Release|Any CPU.ActiveCfg = Release|Any CPU
		{D7352882-61B5-4475-A5B8-4033A33CC86E}.Release|Any CPU.Build.0 = Release|Any CPU
		{12E56984-7033-42BD-B329-F6A826737494}.Debug|Any CPU.ActiveCfg = Debug|Any CPU
		{12E56984-7033-42BD-B329-F6A826737494}.Debug|Any CPU.Build.0 = Debug|Any CPU
		{12E56984-7033-42BD-B329-F6A826737494}.Release|Any CPU.ActiveCfg = Release|Any CPU
		{12E56984-7033-42BD-B329-F6A826737494}.Release|Any CPU.Build.0 = Release|Any CPU
		{F6BC474A-55A2-4154-B090-F037A601C2E3}.Debug|Any CPU.ActiveCfg = Debug|Any CPU
		{F6BC474A-55A2-4154-B090-F037A601C2E3}.Debug|Any CPU.Build.0 = Debug|Any CPU
		{F6BC474A-55A2-4154-B090-F037A601C2E3}.Release|Any CPU.ActiveCfg = Release|Any CPU
		{F6BC474A-55A2-4154-B090-F037A601C2E3}.Release|Any CPU.Build.0 = Release|Any CPU
		{B6F5FD2B-661C-48AE-9D7B-53362D4BEFA7}.Debug|Any CPU.ActiveCfg = Debug|Any CPU
		{B6F5FD2B-661C-48AE-9D7B-53362D4BEFA7}.Debug|Any CPU.Build.0 = Debug|Any CPU
		{B6F5FD2B-661C-48AE-9D7B-53362D4BEFA7}.Release|Any CPU.ActiveCfg = Release|Any CPU
		{B6F5FD2B-661C-48AE-9D7B-53362D4BEFA7}.Release|Any CPU.Build.0 = Release|Any CPU
		{1D4B357A-4461-4DE5-AFD5-736FC44309A3}.Debug|Any CPU.ActiveCfg = Debug|Any CPU
		{1D4B357A-4461-4DE5-AFD5-736FC44309A3}.Debug|Any CPU.Build.0 = Debug|Any CPU
		{1D4B357A-4461-4DE5-AFD5-736FC44309A3}.Release|Any CPU.ActiveCfg = Release|Any CPU
		{1D4B357A-4461-4DE5-AFD5-736FC44309A3}.Release|Any CPU.Build.0 = Release|Any CPU
		{BBCBCC24-1E5E-4E40-9B99-E7FDEB7A2E30}.Debug|Any CPU.ActiveCfg = Debug|Any CPU
		{BBCBCC24-1E5E-4E40-9B99-E7FDEB7A2E30}.Debug|Any CPU.Build.0 = Debug|Any CPU
		{BBCBCC24-1E5E-4E40-9B99-E7FDEB7A2E30}.Release|Any CPU.ActiveCfg = Release|Any CPU
		{BBCBCC24-1E5E-4E40-9B99-E7FDEB7A2E30}.Release|Any CPU.Build.0 = Release|Any CPU
		{03817082-EF3F-4EC1-9202-49999312BF09}.Debug|Any CPU.ActiveCfg = Debug|Any CPU
		{03817082-EF3F-4EC1-9202-49999312BF09}.Debug|Any CPU.Build.0 = Debug|Any CPU
		{03817082-EF3F-4EC1-9202-49999312BF09}.Release|Any CPU.ActiveCfg = Release|Any CPU
		{03817082-EF3F-4EC1-9202-49999312BF09}.Release|Any CPU.Build.0 = Release|Any CPU
		{E8B59A34-E4D8-411A-BC4F-B0A9DB7A8823}.Debug|Any CPU.ActiveCfg = Debug|Any CPU
		{E8B59A34-E4D8-411A-BC4F-B0A9DB7A8823}.Debug|Any CPU.Build.0 = Debug|Any CPU
		{E8B59A34-E4D8-411A-BC4F-B0A9DB7A8823}.Release|Any CPU.ActiveCfg = Release|Any CPU
		{E8B59A34-E4D8-411A-BC4F-B0A9DB7A8823}.Release|Any CPU.Build.0 = Release|Any CPU
		{C4FA838B-2686-427C-93F8-7AA3D5173EBC}.Debug|Any CPU.ActiveCfg = Debug|Any CPU
		{C4FA838B-2686-427C-93F8-7AA3D5173EBC}.Debug|Any CPU.Build.0 = Debug|Any CPU
		{C4FA838B-2686-427C-93F8-7AA3D5173EBC}.Release|Any CPU.ActiveCfg = Release|Any CPU
		{C4FA838B-2686-427C-93F8-7AA3D5173EBC}.Release|Any CPU.Build.0 = Release|Any CPU
		{4FA0C7AB-A3CB-4430-AB40-F81751FD0075}.Debug|Any CPU.ActiveCfg = Debug|Any CPU
		{4FA0C7AB-A3CB-4430-AB40-F81751FD0075}.Debug|Any CPU.Build.0 = Debug|Any CPU
		{4FA0C7AB-A3CB-4430-AB40-F81751FD0075}.Release|Any CPU.ActiveCfg = Release|Any CPU
		{4FA0C7AB-A3CB-4430-AB40-F81751FD0075}.Release|Any CPU.Build.0 = Release|Any CPU
		{CB15F7A6-15CA-4E5E-8831-BB77CC298BD0}.Debug|Any CPU.ActiveCfg = Debug|Any CPU
		{CB15F7A6-15CA-4E5E-8831-BB77CC298BD0}.Debug|Any CPU.Build.0 = Debug|Any CPU
		{CB15F7A6-15CA-4E5E-8831-BB77CC298BD0}.Release|Any CPU.ActiveCfg = Release|Any CPU
		{CB15F7A6-15CA-4E5E-8831-BB77CC298BD0}.Release|Any CPU.Build.0 = Release|Any CPU
		{CEE6845D-33F4-4F7C-9FF5-E5DC9F6BDA35}.Debug|Any CPU.ActiveCfg = Debug|Any CPU
		{CEE6845D-33F4-4F7C-9FF5-E5DC9F6BDA35}.Debug|Any CPU.Build.0 = Debug|Any CPU
		{CEE6845D-33F4-4F7C-9FF5-E5DC9F6BDA35}.Release|Any CPU.ActiveCfg = Release|Any CPU
		{CEE6845D-33F4-4F7C-9FF5-E5DC9F6BDA35}.Release|Any CPU.Build.0 = Release|Any CPU
		{35BF8670-9AB2-42ED-9D8C-D067816BBB0F}.Debug|Any CPU.ActiveCfg = Debug|Any CPU
		{35BF8670-9AB2-42ED-9D8C-D067816BBB0F}.Debug|Any CPU.Build.0 = Debug|Any CPU
		{35BF8670-9AB2-42ED-9D8C-D067816BBB0F}.Release|Any CPU.ActiveCfg = Release|Any CPU
		{35BF8670-9AB2-42ED-9D8C-D067816BBB0F}.Release|Any CPU.Build.0 = Release|Any CPU
		{7B027FB4-5C40-4E92-BA8B-6199176D9C35}.Debug|Any CPU.ActiveCfg = Debug|Any CPU
		{7B027FB4-5C40-4E92-BA8B-6199176D9C35}.Debug|Any CPU.Build.0 = Debug|Any CPU
		{7B027FB4-5C40-4E92-BA8B-6199176D9C35}.Release|Any CPU.ActiveCfg = Release|Any CPU
		{7B027FB4-5C40-4E92-BA8B-6199176D9C35}.Release|Any CPU.Build.0 = Release|Any CPU
		{40323852-821F-465B-8089-F07A17D7AC56}.Debug|Any CPU.ActiveCfg = Debug|Any CPU
		{40323852-821F-465B-8089-F07A17D7AC56}.Debug|Any CPU.Build.0 = Debug|Any CPU
		{40323852-821F-465B-8089-F07A17D7AC56}.Release|Any CPU.ActiveCfg = Release|Any CPU
		{40323852-821F-465B-8089-F07A17D7AC56}.Release|Any CPU.Build.0 = Release|Any CPU
		{E37EC16F-6206-4655-8C34-733861D9D18F}.Debug|Any CPU.ActiveCfg = Debug|Any CPU
		{E37EC16F-6206-4655-8C34-733861D9D18F}.Debug|Any CPU.Build.0 = Debug|Any CPU
		{E37EC16F-6206-4655-8C34-733861D9D18F}.Release|Any CPU.ActiveCfg = Release|Any CPU
		{E37EC16F-6206-4655-8C34-733861D9D18F}.Release|Any CPU.Build.0 = Release|Any CPU
		{9AEDD57C-338D-498E-B0DD-1D83477E2E33}.Debug|Any CPU.ActiveCfg = Debug|Any CPU
		{9AEDD57C-338D-498E-B0DD-1D83477E2E33}.Debug|Any CPU.Build.0 = Debug|Any CPU
		{9AEDD57C-338D-498E-B0DD-1D83477E2E33}.Release|Any CPU.ActiveCfg = Release|Any CPU
		{9AEDD57C-338D-498E-B0DD-1D83477E2E33}.Release|Any CPU.Build.0 = Release|Any CPU
		{0AF62F6C-977A-4B5E-9F54-E6739C82ACBC}.Debug|Any CPU.ActiveCfg = Debug|Any CPU
		{0AF62F6C-977A-4B5E-9F54-E6739C82ACBC}.Debug|Any CPU.Build.0 = Debug|Any CPU
		{0AF62F6C-977A-4B5E-9F54-E6739C82ACBC}.Release|Any CPU.ActiveCfg = Release|Any CPU
		{0AF62F6C-977A-4B5E-9F54-E6739C82ACBC}.Release|Any CPU.Build.0 = Release|Any CPU
		{AB3BBAF6-288F-4566-A19E-95F12D67E5BE}.Debug|Any CPU.ActiveCfg = Debug|Any CPU
		{AB3BBAF6-288F-4566-A19E-95F12D67E5BE}.Debug|Any CPU.Build.0 = Debug|Any CPU
		{AB3BBAF6-288F-4566-A19E-95F12D67E5BE}.Release|Any CPU.ActiveCfg = Release|Any CPU
		{AB3BBAF6-288F-4566-A19E-95F12D67E5BE}.Release|Any CPU.Build.0 = Release|Any CPU
		{6664D0F6-B3CA-4978-BE8F-F2A4A45ED74A}.Debug|Any CPU.ActiveCfg = Debug|Any CPU
		{6664D0F6-B3CA-4978-BE8F-F2A4A45ED74A}.Debug|Any CPU.Build.0 = Debug|Any CPU
		{6664D0F6-B3CA-4978-BE8F-F2A4A45ED74A}.Release|Any CPU.ActiveCfg = Release|Any CPU
		{6664D0F6-B3CA-4978-BE8F-F2A4A45ED74A}.Release|Any CPU.Build.0 = Release|Any CPU
		{87281B0C-EE44-4CA6-9B08-979068A4D74A}.Debug|Any CPU.ActiveCfg = Debug|Any CPU
		{87281B0C-EE44-4CA6-9B08-979068A4D74A}.Debug|Any CPU.Build.0 = Debug|Any CPU
		{87281B0C-EE44-4CA6-9B08-979068A4D74A}.Release|Any CPU.ActiveCfg = Release|Any CPU
		{87281B0C-EE44-4CA6-9B08-979068A4D74A}.Release|Any CPU.Build.0 = Release|Any CPU
		{C051A5A2-4C8B-4536-8FDC-3F3AB77F58DD}.Debug|Any CPU.ActiveCfg = Debug|Any CPU
		{C051A5A2-4C8B-4536-8FDC-3F3AB77F58DD}.Debug|Any CPU.Build.0 = Debug|Any CPU
		{C051A5A2-4C8B-4536-8FDC-3F3AB77F58DD}.Release|Any CPU.ActiveCfg = Release|Any CPU
		{C051A5A2-4C8B-4536-8FDC-3F3AB77F58DD}.Release|Any CPU.Build.0 = Release|Any CPU
		{91C88ACD-35F9-4425-A079-ACDC2D1A7876}.Debug|Any CPU.ActiveCfg = Debug|Any CPU
		{91C88ACD-35F9-4425-A079-ACDC2D1A7876}.Debug|Any CPU.Build.0 = Debug|Any CPU
		{91C88ACD-35F9-4425-A079-ACDC2D1A7876}.Release|Any CPU.ActiveCfg = Release|Any CPU
		{91C88ACD-35F9-4425-A079-ACDC2D1A7876}.Release|Any CPU.Build.0 = Release|Any CPU
		{CFA171CD-7EFD-4000-8EC8-9C3FE7DBAFE6}.Debug|Any CPU.ActiveCfg = Debug|Any CPU
		{CFA171CD-7EFD-4000-8EC8-9C3FE7DBAFE6}.Debug|Any CPU.Build.0 = Debug|Any CPU
		{CFA171CD-7EFD-4000-8EC8-9C3FE7DBAFE6}.Release|Any CPU.ActiveCfg = Release|Any CPU
		{CFA171CD-7EFD-4000-8EC8-9C3FE7DBAFE6}.Release|Any CPU.Build.0 = Release|Any CPU
		{30D7C48D-0C8C-4EA9-94AC-0D91EC5D7AD2}.Debug|Any CPU.ActiveCfg = Debug|Any CPU
		{30D7C48D-0C8C-4EA9-94AC-0D91EC5D7AD2}.Debug|Any CPU.Build.0 = Debug|Any CPU
		{30D7C48D-0C8C-4EA9-94AC-0D91EC5D7AD2}.Release|Any CPU.ActiveCfg = Release|Any CPU
		{30D7C48D-0C8C-4EA9-94AC-0D91EC5D7AD2}.Release|Any CPU.Build.0 = Release|Any CPU
		{7FA34729-DABE-48AA-A5DD-C6418A758C87}.Debug|Any CPU.ActiveCfg = Debug|Any CPU
		{7FA34729-DABE-48AA-A5DD-C6418A758C87}.Debug|Any CPU.Build.0 = Debug|Any CPU
		{7FA34729-DABE-48AA-A5DD-C6418A758C87}.Release|Any CPU.ActiveCfg = Release|Any CPU
		{7FA34729-DABE-48AA-A5DD-C6418A758C87}.Release|Any CPU.Build.0 = Release|Any CPU
		{55AB15D2-3811-4F15-B4D8-EE648BEA78EC}.Debug|Any CPU.ActiveCfg = Debug|Any CPU
		{55AB15D2-3811-4F15-B4D8-EE648BEA78EC}.Debug|Any CPU.Build.0 = Debug|Any CPU
		{55AB15D2-3811-4F15-B4D8-EE648BEA78EC}.Release|Any CPU.ActiveCfg = Release|Any CPU
		{55AB15D2-3811-4F15-B4D8-EE648BEA78EC}.Release|Any CPU.Build.0 = Release|Any CPU
		{F82EC281-A5DB-4E54-AFB7-6012E7576087}.Debug|Any CPU.ActiveCfg = Debug|Any CPU
		{F82EC281-A5DB-4E54-AFB7-6012E7576087}.Debug|Any CPU.Build.0 = Debug|Any CPU
		{F82EC281-A5DB-4E54-AFB7-6012E7576087}.Release|Any CPU.ActiveCfg = Release|Any CPU
		{F82EC281-A5DB-4E54-AFB7-6012E7576087}.Release|Any CPU.Build.0 = Release|Any CPU
	EndGlobalSection
	GlobalSection(SolutionProperties) = preSolution
		HideSolutionNode = FALSE
	EndGlobalSection
	GlobalSection(ExtensibilityGlobals) = postSolution
		SolutionGuid = {064CF3E0-4285-4811-A2A0-005ED5BF1890}
	EndGlobalSection
EndGlobal
